
Microsoft Visual Studio Solution File, Format Version 12.00
# Visual Studio Version 16
VisualStudioVersion = 16.0.30204.135
MinimumVisualStudioVersion = 10.0.40219.1
Project("{FAE04EC0-301F-11D3-BF4B-00C04F79EFBC}") = "TODOAppDesktop", "TODOAppDesktop\TODOAppDesktop.csproj", "{C08252E1-B1DF-4690-85D8-EF3ED51306F5}"
EndProject
Global
	GlobalSection(SolutionConfigurationPlatforms) = preSolution
		Debug|Any CPU = Debug|Any CPU
		Release|Any CPU = Release|Any CPU
	EndGlobalSection
	GlobalSection(ProjectConfigurationPlatforms) = postSolution
		{C08252E1-B1DF-4690-85D8-EF3ED51306F5}.Debug|Any CPU.ActiveCfg = Debug|Any CPU
		{C08252E1-B1DF-4690-85D8-EF3ED51306F5}.Debug|Any CPU.Build.0 = Debug|Any CPU
		{C08252E1-B1DF-4690-85D8-EF3ED51306F5}.Release|Any CPU.ActiveCfg = Release|Any CPU
		{C08252E1-B1DF-4690-85D8-EF3ED51306F5}.Release|Any CPU.Build.0 = Release|Any CPU
	EndGlobalSection
	GlobalSection(SolutionProperties) = preSolution
		HideSolutionNode = FALSE
	EndGlobalSection
	GlobalSection(ExtensibilityGlobals) = postSolution
		SolutionGuid = {6394A185-AD3D-4915-98A4-191B8DCF1DA7}
	EndGlobalSection
EndGlobal
